
Microsoft Visual Studio Solution File, Format Version 12.00
# Visual Studio 15
VisualStudioVersion = 15.0.28307.421
MinimumVisualStudioVersion = 10.0.40219.1
Project("{FAE04EC0-301F-11D3-BF4B-00C04F79EFBC}") = "ProjetoControleComprasWEB", "ProjetoControleComprasWEB\ProjetoControleComprasWEB.csproj", "{E8A24142-5231-4FA7-B04E-8B76F3BBD10E}"
EndProject
Project("{FAE04EC0-301F-11D3-BF4B-00C04F79EFBC}") = "Repository", "Repository\Repository.csproj", "{93F6AC64-5FCD-4E29-9E3D-C30786C63CFE}"
EndProject
Project("{FAE04EC0-301F-11D3-BF4B-00C04F79EFBC}") = "Domain", "Domain\Domain.csproj", "{0FE11BCC-76C9-4840-9E20-9B4BC6020078}"
EndProject
Global
	GlobalSection(SolutionConfigurationPlatforms) = preSolution
		Debug|Any CPU = Debug|Any CPU
		Release|Any CPU = Release|Any CPU
	EndGlobalSection
	GlobalSection(ProjectConfigurationPlatforms) = postSolution
		{E8A24142-5231-4FA7-B04E-8B76F3BBD10E}.Debug|Any CPU.ActiveCfg = Debug|Any CPU
		{E8A24142-5231-4FA7-B04E-8B76F3BBD10E}.Debug|Any CPU.Build.0 = Debug|Any CPU
		{E8A24142-5231-4FA7-B04E-8B76F3BBD10E}.Release|Any CPU.ActiveCfg = Release|Any CPU
		{E8A24142-5231-4FA7-B04E-8B76F3BBD10E}.Release|Any CPU.Build.0 = Release|Any CPU
		{93F6AC64-5FCD-4E29-9E3D-C30786C63CFE}.Debug|Any CPU.ActiveCfg = Debug|Any CPU
		{93F6AC64-5FCD-4E29-9E3D-C30786C63CFE}.Debug|Any CPU.Build.0 = Debug|Any CPU
		{93F6AC64-5FCD-4E29-9E3D-C30786C63CFE}.Release|Any CPU.ActiveCfg = Release|Any CPU
		{93F6AC64-5FCD-4E29-9E3D-C30786C63CFE}.Release|Any CPU.Build.0 = Release|Any CPU
		{0FE11BCC-76C9-4840-9E20-9B4BC6020078}.Debug|Any CPU.ActiveCfg = Debug|Any CPU
		{0FE11BCC-76C9-4840-9E20-9B4BC6020078}.Debug|Any CPU.Build.0 = Debug|Any CPU
		{0FE11BCC-76C9-4840-9E20-9B4BC6020078}.Release|Any CPU.ActiveCfg = Release|Any CPU
		{0FE11BCC-76C9-4840-9E20-9B4BC6020078}.Release|Any CPU.Build.0 = Release|Any CPU
	EndGlobalSection
	GlobalSection(SolutionProperties) = preSolution
		HideSolutionNode = FALSE
	EndGlobalSection
	GlobalSection(ExtensibilityGlobals) = postSolution
		SolutionGuid = {0FF8D3A9-5782-4385-A840-A131EE05D2FB}
	EndGlobalSection
EndGlobal
